
Microsoft Visual Studio Solution File, Format Version 12.00
# Visual Studio Version 17
VisualStudioVersion = 17.0.31903.59
MinimumVisualStudioVersion = 10.0.40219.1
Project("{2150E333-8FDC-42A3-9474-1A3956D46DE8}") = "Services", "Services", "{C3A0DCF2-A623-48D3-B477-C586876F5596}"
EndProject
Project("{2150E333-8FDC-42A3-9474-1A3956D46DE8}") = "ApiGateways", "ApiGateways", "{6CCAC779-AB41-4CF0-919D-B7BD9AED79D4}"
EndProject
Project("{FAE04EC0-301F-11D3-BF4B-00C04F79EFBC}") = "YarpApiGateway", "ApiGateways\YarpApiGateway\YarpApiGateway.csproj", "{A3D6A171-2100-4A64-B3C5-3701583603FC}"
EndProject
Project("{2150E333-8FDC-42A3-9474-1A3956D46DE8}") = "Shared", "Shared", "{D5F21AA7-0673-48D0-B31C-CB45949D7D2F}"
EndProject
Project("{FAE04EC0-301F-11D3-BF4B-00C04F79EFBC}") = "Shared", "Shared\Shared\Shared.csproj", "{A0BC97E0-C988-4108-8A4E-219839797268}"
EndProject
Project("{FAE04EC0-301F-11D3-BF4B-00C04F79EFBC}") = "SRSS.IAM.API", "Services\SRSS.IAM\SRSS.IAM.API\SRSS.IAM.API.csproj", "{706FAA08-3BB3-455E-AA22-246338BDFC3C}"
EndProject
Project("{2150E333-8FDC-42A3-9474-1A3956D46DE8}") = "SRSS.IAM", "SRSS.IAM", "{02EA681E-C7D8-13C7-8484-4AC65E1B71E8}"
EndProject
Project("{FAE04EC0-301F-11D3-BF4B-00C04F79EFBC}") = "SRSS.IAM.Repositories", "Services\SRSS.IAM\SRSS.IAM.Repositories\SRSS.IAM.Repositories.csproj", "{BBAE0141-1119-4DFE-B0E5-62DAFE0E5CA0}"
EndProject
Project("{FAE04EC0-301F-11D3-BF4B-00C04F79EFBC}") = "SRSS.IAM.Services", "Services\SRSS.IAM\SRSS.IAM.Services\SRSS.IAM.Services.csproj", "{C11AD298-7A56-45F4-843E-8C26DA52DCE7}"
EndProject
Project("{2150E333-8FDC-42A3-9474-1A3956D46DE8}") = "SRSS.TestGateways", "SRSS.TestGateways", "{C7F4DD7A-D99C-41BC-B868-46728781A4EC}"
EndProject
Project("{FAE04EC0-301F-11D3-BF4B-00C04F79EFBC}") = "SRSS.TestGateways.API", "Services\SRSS.TestGateways\SRSS.TestGateways.API\SRSS.TestGateways.API.csproj", "{2144EC49-6F04-481F-AE08-D26DD1CC63A9}"
EndProject
Project("{2150E333-8FDC-42A3-9474-1A3956D46DE8}") = "SRSS.Project", "SRSS.Project", "{C273D893-E39A-41A8-A0A1-A0C740D1EB83}"
EndProject
Project("{FAE04EC0-301F-11D3-BF4B-00C04F79EFBC}") = "SRSS.Project.Domain", "Services\SRSS.Project\SRSS.Project.Domain\SRSS.Project.Domain.csproj", "{494D45C9-87E0-45EB-8193-B11E97475DDD}"
EndProject
Project("{FAE04EC0-301F-11D3-BF4B-00C04F79EFBC}") = "SRSS.Project.Application", "Services\SRSS.Project\SRSS.Project.Application\SRSS.Project.Application.csproj", "{B5A0AAF1-CB85-43D2-B833-550955B7BD95}"
EndProject
Project("{FAE04EC0-301F-11D3-BF4B-00C04F79EFBC}") = "SRSS.Project.Infrastructure", "Services\SRSS.Project\SRSS.Project.Infrastructure\SRSS.Project.Infrastructure.csproj", "{4BAEDBCF-984E-45ED-AA9B-48D8E20CBD79}"
EndProject
Project("{FAE04EC0-301F-11D3-BF4B-00C04F79EFBC}") = "SRSS.Project.API", "Services\SRSS.Project\SRSS.Project.API\SRSS.Project.API.csproj", "{DD3A6ADF-140E-4752-9F89-F1A7DA8F709E}"
EndProject
Global
	GlobalSection(SolutionConfigurationPlatforms) = preSolution
		Debug|Any CPU = Debug|Any CPU
		Release|Any CPU = Release|Any CPU
	EndGlobalSection
	GlobalSection(ProjectConfigurationPlatforms) = postSolution
		{A3D6A171-2100-4A64-B3C5-3701583603FC}.Debug|Any CPU.ActiveCfg = Debug|Any CPU
		{A3D6A171-2100-4A64-B3C5-3701583603FC}.Debug|Any CPU.Build.0 = Debug|Any CPU
		{A3D6A171-2100-4A64-B3C5-3701583603FC}.Release|Any CPU.ActiveCfg = Release|Any CPU
		{A3D6A171-2100-4A64-B3C5-3701583603FC}.Release|Any CPU.Build.0 = Release|Any CPU
		{A0BC97E0-C988-4108-8A4E-219839797268}.Debug|Any CPU.ActiveCfg = Debug|Any CPU
		{A0BC97E0-C988-4108-8A4E-219839797268}.Debug|Any CPU.Build.0 = Debug|Any CPU
		{A0BC97E0-C988-4108-8A4E-219839797268}.Release|Any CPU.ActiveCfg = Release|Any CPU
		{A0BC97E0-C988-4108-8A4E-219839797268}.Release|Any CPU.Build.0 = Release|Any CPU
		{706FAA08-3BB3-455E-AA22-246338BDFC3C}.Debug|Any CPU.ActiveCfg = Debug|Any CPU
		{706FAA08-3BB3-455E-AA22-246338BDFC3C}.Debug|Any CPU.Build.0 = Debug|Any CPU
		{706FAA08-3BB3-455E-AA22-246338BDFC3C}.Release|Any CPU.ActiveCfg = Release|Any CPU
		{706FAA08-3BB3-455E-AA22-246338BDFC3C}.Release|Any CPU.Build.0 = Release|Any CPU
		{BBAE0141-1119-4DFE-B0E5-62DAFE0E5CA0}.Debug|Any CPU.ActiveCfg = Debug|Any CPU
		{BBAE0141-1119-4DFE-B0E5-62DAFE0E5CA0}.Debug|Any CPU.Build.0 = Debug|Any CPU
		{BBAE0141-1119-4DFE-B0E5-62DAFE0E5CA0}.Release|Any CPU.ActiveCfg = Release|Any CPU
		{BBAE0141-1119-4DFE-B0E5-62DAFE0E5CA0}.Release|Any CPU.Build.0 = Release|Any CPU
		{C11AD298-7A56-45F4-843E-8C26DA52DCE7}.Debug|Any CPU.ActiveCfg = Debug|Any CPU
		{C11AD298-7A56-45F4-843E-8C26DA52DCE7}.Debug|Any CPU.Build.0 = Debug|Any CPU
		{C11AD298-7A56-45F4-843E-8C26DA52DCE7}.Release|Any CPU.ActiveCfg = Release|Any CPU
		{C11AD298-7A56-45F4-843E-8C26DA52DCE7}.Release|Any CPU.Build.0 = Release|Any CPU
		{2144EC49-6F04-481F-AE08-D26DD1CC63A9}.Debug|Any CPU.ActiveCfg = Debug|Any CPU
		{2144EC49-6F04-481F-AE08-D26DD1CC63A9}.Debug|Any CPU.Build.0 = Debug|Any CPU
		{2144EC49-6F04-481F-AE08-D26DD1CC63A9}.Release|Any CPU.ActiveCfg = Release|Any CPU
		{2144EC49-6F04-481F-AE08-D26DD1CC63A9}.Release|Any CPU.Build.0 = Release|Any CPU
		{494D45C9-87E0-45EB-8193-B11E97475DDD}.Debug|Any CPU.ActiveCfg = Debug|Any CPU
		{494D45C9-87E0-45EB-8193-B11E97475DDD}.Debug|Any CPU.Build.0 = Debug|Any CPU
		{494D45C9-87E0-45EB-8193-B11E97475DDD}.Release|Any CPU.ActiveCfg = Release|Any CPU
		{494D45C9-87E0-45EB-8193-B11E97475DDD}.Release|Any CPU.Build.0 = Release|Any CPU
		{B5A0AAF1-CB85-43D2-B833-550955B7BD95}.Debug|Any CPU.ActiveCfg = Debug|Any CPU
		{B5A0AAF1-CB85-43D2-B833-550955B7BD95}.Debug|Any CPU.Build.0 = Debug|Any CPU
		{B5A0AAF1-CB85-43D2-B833-550955B7BD95}.Release|Any CPU.ActiveCfg = Release|Any CPU
		{B5A0AAF1-CB85-43D2-B833-550955B7BD95}.Release|Any CPU.Build.0 = Release|Any CPU
		{4BAEDBCF-984E-45ED-AA9B-48D8E20CBD79}.Debug|Any CPU.ActiveCfg = Debug|Any CPU
		{4BAEDBCF-984E-45ED-AA9B-48D8E20CBD79}.Debug|Any CPU.Build.0 = Debug|Any CPU
		{4BAEDBCF-984E-45ED-AA9B-48D8E20CBD79}.Release|Any CPU.ActiveCfg = Release|Any CPU
		{4BAEDBCF-984E-45ED-AA9B-48D8E20CBD79}.Release|Any CPU.Build.0 = Release|Any CPU
		{DD3A6ADF-140E-4752-9F89-F1A7DA8F709E}.Debug|Any CPU.ActiveCfg = Debug|Any CPU
		{DD3A6ADF-140E-4752-9F89-F1A7DA8F709E}.Debug|Any CPU.Build.0 = Debug|Any CPU
		{DD3A6ADF-140E-4752-9F89-F1A7DA8F709E}.Release|Any CPU.ActiveCfg = Release|Any CPU
		{DD3A6ADF-140E-4752-9F89-F1A7DA8F709E}.Release|Any CPU.Build.0 = Release|Any CPU
	EndGlobalSection
	GlobalSection(SolutionProperties) = preSolution
		HideSolutionNode = FALSE
	EndGlobalSection
	GlobalSection(NestedProjects) = preSolution
		{A3D6A171-2100-4A64-B3C5-3701583603FC} = {6CCAC779-AB41-4CF0-919D-B7BD9AED79D4}
		{A0BC97E0-C988-4108-8A4E-219839797268} = {D5F21AA7-0673-48D0-B31C-CB45949D7D2F}
		{706FAA08-3BB3-455E-AA22-246338BDFC3C} = {02EA681E-C7D8-13C7-8484-4AC65E1B71E8}
		{02EA681E-C7D8-13C7-8484-4AC65E1B71E8} = {C3A0DCF2-A623-48D3-B477-C586876F5596}
		{BBAE0141-1119-4DFE-B0E5-62DAFE0E5CA0} = {02EA681E-C7D8-13C7-8484-4AC65E1B71E8}
		{C11AD298-7A56-45F4-843E-8C26DA52DCE7} = {02EA681E-C7D8-13C7-8484-4AC65E1B71E8}
		{C7F4DD7A-D99C-41BC-B868-46728781A4EC} = {C3A0DCF2-A623-48D3-B477-C586876F5596}
		{2144EC49-6F04-481F-AE08-D26DD1CC63A9} = {C7F4DD7A-D99C-41BC-B868-46728781A4EC}
		{C273D893-E39A-41A8-A0A1-A0C740D1EB83} = {C3A0DCF2-A623-48D3-B477-C586876F5596}
		{494D45C9-87E0-45EB-8193-B11E97475DDD} = {C273D893-E39A-41A8-A0A1-A0C740D1EB83}
		{B5A0AAF1-CB85-43D2-B833-550955B7BD95} = {C273D893-E39A-41A8-A0A1-A0C740D1EB83}
		{4BAEDBCF-984E-45ED-AA9B-48D8E20CBD79} = {C273D893-E39A-41A8-A0A1-A0C740D1EB83}
		{DD3A6ADF-140E-4752-9F89-F1A7DA8F709E} = {C273D893-E39A-41A8-A0A1-A0C740D1EB83}
	EndGlobalSection
	GlobalSection(ExtensibilityGlobals) = postSolution
		SolutionGuid = {2D921904-FFAB-413D-8A28-8E2DB417A1B6}
	EndGlobalSection
EndGlobal
